// !$*UTF8*$!
{
	archiveVersion = 1;
	classes = {
	};
	objectVersion = 77;
	objects = {

/* Begin PBXContainerItemProxy section */
		ED3F75E22E925E81005AE1FD /* PBXContainerItemProxy */ = {
			isa = PBXContainerItemProxy;
			containerPortal = ED3F75C72E925E7F005AE1FD /* Project object */;
			proxyType = 1;
			remoteGlobalIDString = ED3F75CE2E925E7F005AE1FD;
			remoteInfo = Tailor_App;
		};
		ED3F75EC2E925E81005AE1FD /* PBXContainerItemProxy */ = {
			isa = PBXContainerItemProxy;
			containerPortal = ED3F75C72E925E7F005AE1FD /* Project object */;
			proxyType = 1;
			remoteGlobalIDString = ED3F75CE2E925E7F005AE1FD;
			remoteInfo = Tailor_App;
		};
/* End PBXContainerItemProxy section */

/* Begin PBXFileReference section */
		ED3F75CF2E925E7F005AE1FD /* Tailor_App.app */ = {isa = PBXFileReference; explicitFileType = wrapper.application; includeInIndex = 0; path = Tailor_App.app; sourceTree = BUILT_PRODUCTS_DIR; };
		ED3F75E12E925E81005AE1FD /* Tailor_AppTests.xctest */ = {isa = PBXFileReference; explicitFileType = wrapper.cfbundle; includeInIndex = 0; path = Tailor_AppTests.xctest; sourceTree = BUILT_PRODUCTS_DIR; };
		ED3F75EB2E925E81005AE1FD /* Tailor_AppUITests.xctest */ = {isa = PBXFileReference; explicitFileType = wrapper.cfbundle; includeInIndex = 0; path = Tailor_AppUITests.xctest; sourceTree = BUILT_PRODUCTS_DIR; };
/* End PBXFileReference section */

/* Begin PBXFileSystemSynchronizedRootGroup section */
		ED3F75D12E925E7F005AE1FD /* Tailor_App */ = {
			isa = PBXFileSystemSynchronizedRootGroup;
			path = Tailor_App;
			sourceTree = "<group>";
		};
		ED3F75E42E925E81005AE1FD /* Tailor_AppTests */ = {
			isa = PBXFileSystemSynchronizedRootGroup;
			path = Tailor_AppTests;
			sourceTree = "<group>";
		};
		ED3F75EE2E925E81005AE1FD /* Tailor_AppUITests */ = {
			isa = PBXFileSystemSynchronizedRootGroup;
			path = Tailor_AppUITests;
			sourceTree = "<group>";
		};
/* End PBXFileSystemSynchronizedRootGroup section */

/* Begin PBXFrameworksBuildPhase section */
		ED3F75CC2E925E7F005AE1FD /* Frameworks */ = {
			isa = PBXFrameworksBuildPhase;
			buildActionMask = 2147483647;
			files = (
			);
			runOnlyForDeploymentPostprocessing = 0;
		};
		ED3F75DE2E925E81005AE1FD /* Frameworks */ = {
			isa = PBXFrameworksBuildPhase;
			buildActionMask = 2147483647;
			files = (
			);
			runOnlyForDeploymentPostprocessing = 0;
		};
		ED3F75E82E925E81005AE1FD /* Frameworks */ = {
			isa = PBXFrameworksBuildPhase;
			buildActionMask = 2147483647;
			files = (
			);
			runOnlyForDeploymentPostprocessing = 0;
		};
/* End PBXFrameworksBuildPhase section */

/* Begin PBXGroup section */
		ED3F75C62E925E7F005AE1FD = {
			isa = PBXGroup;
			children = (
				ED3F75D12E925E7F005AE1FD /* Tailor_App */,
				ED3F75E42E925E81005AE1FD /* Tailor_AppTests */,
				ED3F75EE2E925E81005AE1FD /* Tailor_AppUITests */,
				ED3F75D02E925E7F005AE1FD /* Products */,
			);
			sourceTree = "<group>";
		};
		ED3F75D02E925E7F005AE1FD /* Products */ = {
			isa = PBXGroup;
			children = (
				ED3F75CF2E925E7F005AE1FD /* Tailor_App.app */,
				ED3F75E12E925E81005AE1FD /* Tailor_AppTests.xctest */,
				ED3F75EB2E925E81005AE1FD /* Tailor_AppUITests.xctest */,
			);
			name = Products;
			sourceTree = "<group>";
		};
/* End PBXGroup section */

/* Begin PBXNativeTarget section */
		ED3F75CE2E925E7F005AE1FD /* Tailor_App */ = {
			isa = PBXNativeTarget;
			buildConfigurationList = ED3F75F52E925E81005AE1FD /* Build configuration list for PBXNativeTarget "Tailor_App" */;
			buildPhases = (
				ED3F75CB2E925E7F005AE1FD /* Sources */,
				ED3F75CC2E925E7F005AE1FD /* Frameworks */,
				ED3F75CD2E925E7F005AE1FD /* Resources */,
			);
			buildRules = (
			);
			dependencies = (
			);
			fileSystemSynchronizedGroups = (
				ED3F75D12E925E7F005AE1FD /* Tailor_App */,
			);
			name = Tailor_App;
			packageProductDependencies = (
			);
			productName = Tailor_App;
			productReference = ED3F75CF2E925E7F005AE1FD /* Tailor_App.app */;
			productType = "com.apple.product-type.application";
		};
		ED3F75E02E925E81005AE1FD /* Tailor_AppTests */ = {
			isa = PBXNativeTarget;
			buildConfigurationList = ED3F75F82E925E81005AE1FD /* Build configuration list for PBXNativeTarget "Tailor_AppTests" */;
			buildPhases = (
				ED3F75DD2E925E81005AE1FD /* Sources */,
				ED3F75DE2E925E81005AE1FD /* Frameworks */,
				ED3F75DF2E925E81005AE1FD /* Resources */,
			);
			buildRules = (
			);
			dependencies = (
				ED3F75E32E925E81005AE1FD /* PBXTargetDependency */,
			);
			fileSystemSynchronizedGroups = (
				ED3F75E42E925E81005AE1FD /* Tailor_AppTests */,
			);
			name = Tailor_AppTests;
			packageProductDependencies = (
			);
			productName = Tailor_AppTests;
			productReference = ED3F75E12E925E81005AE1FD /* Tailor_AppTests.xctest */;
			productType = "com.apple.product-type.bundle.unit-test";
		};
		ED3F75EA2E925E81005AE1FD /* Tailor_AppUITests */ = {
			isa = PBXNativeTarget;
			buildConfigurationList = ED3F75FB2E925E81005AE1FD /* Build configuration list for PBXNativeTarget "Tailor_AppUITests" */;
			buildPhases = (
				ED3F75E72E925E81005AE1FD /* Sources */,
				ED3F75E82E925E81005AE1FD /* Frameworks */,
				ED3F75E92E925E81005AE1FD /* Resources */,
			);
			buildRules = (
			);
			dependencies = (
				ED3F75ED2E925E81005AE1FD /* PBXTargetDependency */,
			);
			fileSystemSynchronizedGroups = (
				ED3F75EE2E925E81005AE1FD /* Tailor_AppUITests */,
			);
			name = Tailor_AppUITests;
			packageProductDependencies = (
			);
			productName = Tailor_AppUITests;
			productReference = ED3F75EB2E925E81005AE1FD /* Tailor_AppUITests.xctest */;
			productType = "com.apple.product-type.bundle.ui-testing";
		};
/* End PBXNativeTarget section */

/* Begin PBXProject section */
		ED3F75C72E925E7F005AE1FD /* Project object */ = {
			isa = PBXProject;
			attributes = {
				BuildIndependentTargetsInParallel = 1;
				LastSwiftUpdateCheck = 1640;
				LastUpgradeCheck = 1640;
				TargetAttributes = {
					ED3F75CE2E925E7F005AE1FD = {
						CreatedOnToolsVersion = 16.4;
					};
					ED3F75E02E925E81005AE1FD = {
						CreatedOnToolsVersion = 16.4;
						TestTargetID = ED3F75CE2E925E7F005AE1FD;
					};
					ED3F75EA2E925E81005AE1FD = {
						CreatedOnToolsVersion = 16.4;
						TestTargetID = ED3F75CE2E925E7F005AE1FD;
					};
				};
			};
			buildConfigurationList = ED3F75CA2E925E7F005AE1FD /* Build configuration list for PBXProject "Tailor_App" */;
			developmentRegion = en;
			hasScannedForEncodings = 0;
			knownRegions = (
				en,
				Base,
			);
			mainGroup = ED3F75C62E925E7F005AE1FD;
			minimizedProjectReferenceProxies = 1;
			preferredProjectObjectVersion = 77;
			productRefGroup = ED3F75D02E925E7F005AE1FD /* Products */;
			projectDirPath = "";
			projectRoot = "";
			targets = (
				ED3F75CE2E925E7F005AE1FD /* Tailor_App */,
				ED3F75E02E925E81005AE1FD /* Tailor_AppTests */,
				ED3F75EA2E925E81005AE1FD /* Tailor_AppUITests */,
			);
		};
/* End PBXProject section */

/* Begin PBXResourcesBuildPhase section */
		ED3F75CD2E925E7F005AE1FD /* Resources */ = {
			isa = PBXResourcesBuildPhase;
			buildActionMask = 2147483647;
			files = (
			);
			runOnlyForDeploymentPostprocessing = 0;
		};
		ED3F75DF2E925E81005AE1FD /* Resources */ = {
			isa = PBXResourcesBuildPhase;
			buildActionMask = 2147483647;
			files = (
			);
			runOnlyForDeploymentPostprocessing = 0;
		};
		ED3F75E92E925E81005AE1FD /* Resources */ = {
			isa = PBXResourcesBuildPhase;
			buildActionMask = 2147483647;
			files = (
			);
			runOnlyForDeploymentPostprocessing = 0;
		};
/* End PBXResourcesBuildPhase section */

/* Begin PBXSourcesBuildPhase section */
		ED3F75CB2E925E7F005AE1FD /* Sources */ = {
			isa = PBXSourcesBuildPhase;
			buildActionMask = 2147483647;
			files = (
			);
			runOnlyForDeploymentPostprocessing = 0;
		};
		ED3F75DD2E925E81005AE1FD /* Sources */ = {
			isa = PBXSourcesBuildPhase;
			buildActionMask = 2147483647;
			files = (
			);
			runOnlyForDeploymentPostprocessing = 0;
		};
		ED3F75E72E925E81005AE1FD /* Sources */ = {
			isa = PBXSourcesBuildPhase;
			buildActionMask = 2147483647;
			files = (
			);
			runOnlyForDeploymentPostprocessing = 0;
		};
/* End PBXSourcesBuildPhase section */

/* Begin PBXTargetDependency section */
		ED3F75E32E925E81005AE1FD /* PBXTargetDependency */ = {
			isa = PBXTargetDependency;
			target = ED3F75CE2E925E7F005AE1FD /* Tailor_App */;
			targetProxy = ED3F75E22E925E81005AE1FD /* PBXContainerItemProxy */;
		};
		ED3F75ED2E925E81005AE1FD /* PBXTargetDependency */ = {
			isa = PBXTargetDependency;
			target = ED3F75CE2E925E7F005AE1FD /* Tailor_App */;
			targetProxy = ED3F75EC2E925E81005AE1FD /* PBXContainerItemProxy */;
		};
/* End PBXTargetDependency section */

/* Begin XCBuildConfiguration section */
		ED3F75F32E925E81005AE1FD /* Debug */ = {
			isa = XCBuildConfiguration;
			buildSettings = {
				ALWAYS_SEARCH_USER_PATHS = NO;
				ASSETCATALOG_COMPILER_GENERATE_SWIFT_ASSET_SYMBOL_EXTENSIONS = YES;
				CLANG_ANALYZER_NONNULL = YES;
				CLANG_ANALYZER_NUMBER_OBJECT_CONVERSION = YES_AGGRESSIVE;
				CLANG_CXX_LANGUAGE_STANDARD = "gnu++20";
				CLANG_ENABLE_MODULES = YES;
				CLANG_ENABLE_OBJC_ARC = YES;
				CLANG_ENABLE_OBJC_WEAK = YES;
				CLANG_WARN_BLOCK_CAPTURE_AUTORELEASING = YES;
				CLANG_WARN_BOOL_CONVERSION = YES;
				CLANG_WARN_COMMA = YES;
				CLANG_WARN_CONSTANT_CONVERSION = YES;
				CLANG_WARN_DEPRECATED_OBJC_IMPLEMENTATIONS = YES;
				CLANG_WARN_DIRECT_OBJC_ISA_USAGE = YES_ERROR;
				CLANG_WARN_DOCUMENTATION_COMMENTS = YES;
				CLANG_WARN_EMPTY_BODY = YES;
				CLANG_WARN_ENUM_CONVERSION = YES;
				CLANG_WARN_INFINITE_RECURSION = YES;
				CLANG_WARN_INT_CONVERSION = YES;
				CLANG_WARN_NON_LITERAL_NULL_CONVERSION = YES;
				CLANG_WARN_OBJC_IMPLICIT_RETAIN_SELF = YES;
				CLANG_WARN_OBJC_LITERAL_CONVERSION = YES;
				CLANG_WARN_OBJC_ROOT_CLASS = YES_ERROR;
				CLANG_WARN_QUOTED_INCLUDE_IN_FRAMEWORK_HEADER = YES;
				CLANG_WARN_RANGE_LOOP_ANALYSIS = YES;
				CLANG_WARN_STRICT_PROTOTYPES = YES;
				CLANG_WARN_SUSPICIOUS_MOVE = YES;
				CLANG_WARN_UNGUARDED_AVAILABILITY = YES_AGGRESSIVE;
				CLANG_WARN_UNREACHABLE_CODE = YES;
				CLANG_WARN__DUPLICATE_METHOD_MATCH = YES;
				COPY_PHASE_STRIP = NO;
				DEBUG_INFORMATION_FORMAT = dwarf;
				ENABLE_STRICT_OBJC_MSGSEND = YES;
				ENABLE_TESTABILITY = YES;
				ENABLE_USER_SCRIPT_SANDBOXING = YES;
				GCC_C_LANGUAGE_STANDARD = gnu17;
				GCC_DYNAMIC_NO_PIC = NO;
				GCC_NO_COMMON_BLOCKS = YES;
				GCC_OPTIMIZATION_LEVEL = 0;
				GCC_PREPROCESSOR_DEFINITIONS = (
					"DEBUG=1",
					"$(inherited)",
				);
				GCC_WARN_64_TO_32_BIT_CONVERSION = YES;
				GCC_WARN_ABOUT_RETURN_TYPE = YES_ERROR;
				GCC_WARN_UNDECLARED_SELECTOR = YES;
				GCC_WARN_UNINITIALIZED_AUTOS = YES_AGGRESSIVE;
				GCC_WARN_UNUSED_FUNCTION = YES;
				GCC_WARN_UNUSED_VARIABLE = YES;
				IPHONEOS_DEPLOYMENT_TARGET = 18.5;
				LOCALIZATION_PREFERS_STRING_CATALOGS = YES;
				MTL_ENABLE_DEBUG_INFO = INCLUDE_SOURCE;
				MTL_FAST_MATH = YES;
				ONLY_ACTIVE_ARCH = YES;
				SDKROOT = iphoneos;
				SWIFT_ACTIVE_COMPILATION_CONDITIONS = "DEBUG $(inherited)";
				SWIFT_OPTIMIZATION_LEVEL = "-Onone";
			};
			name = Debug;
		};
		ED3F75F42E925E81005AE1FD /* Release */ = {
			isa = XCBuildConfiguration;
			buildSettings = {
				ALWAYS_SEARCH_USER_PATHS = NO;
				ASSETCATALOG_COMPILER_GENERATE_SWIFT_ASSET_SYMBOL_EXTENSIONS = YES;
				CLANG_ANALYZER_NONNULL = YES;
				CLANG_ANALYZER_NUMBER_OBJECT_CONVERSION = YES_AGGRESSIVE;
				CLANG_CXX_LANGUAGE_STANDARD = "gnu++20";
				CLANG_ENABLE_MODULES = YES;
				CLANG_ENABLE_OBJC_ARC = YES;
				CLANG_ENABLE_OBJC_WEAK = YES;
				CLANG_WARN_BLOCK_CAPTURE_AUTORELEASING = YES;
				CLANG_WARN_BOOL_CONVERSION = YES;
				CLANG_WARN_COMMA = YES;
				CLANG_WARN_CONSTANT_CONVERSION = YES;
				CLANG_WARN_DEPRECATED_OBJC_IMPLEMENTATIONS = YES;
				CLANG_WARN_DIRECT_OBJC_ISA_USAGE = YES_ERROR;
				CLANG_WARN_DOCUMENTATION_COMMENTS = YES;
				CLANG_WARN_EMPTY_BODY = YES;
				CLANG_WARN_ENUM_CONVERSION = YES;
				CLANG_WARN_INFINITE_RECURSION = YES;
				CLANG_WARN_INT_CONVERSION = YES;
				CLANG_WARN_NON_LITERAL_NULL_CONVERSION = YES;
				CLANG_WARN_OBJC_IMPLICIT_RETAIN_SELF = YES;
				CLANG_WARN_OBJC_LITERAL_CONVERSION = YES;
				CLANG_WARN_OBJC_ROOT_CLASS = YES_ERROR;
				CLANG_WARN_QUOTED_INCLUDE_IN_FRAMEWORK_HEADER = YES;
				CLANG_WARN_RANGE_LOOP_ANALYSIS = YES;
				CLANG_WARN_STRICT_PROTOTYPES = YES;
				CLANG_WARN_SUSPICIOUS_MOVE = YES;
				CLANG_WARN_UNGUARDED_AVAILABILITY = YES_AGGRESSIVE;
				CLANG_WARN_UNREACHABLE_CODE = YES;
				CLANG_WARN__DUPLICATE_METHOD_MATCH = YES;
				COPY_PHASE_STRIP = NO;
				DEBUG_INFORMATION_FORMAT = "dwarf-with-dsym";
				ENABLE_NS_ASSERTIONS = NO;
				ENABLE_STRICT_OBJC_MSGSEND = YES;
				ENABLE_USER_SCRIPT_SANDBOXING = YES;
				GCC_C_LANGUAGE_STANDARD = gnu17;
				GCC_NO_COMMON_BLOCKS = YES;
				GCC_WARN_64_TO_32_BIT_CONVERSION = YES;
				GCC_WARN_ABOUT_RETURN_TYPE = YES_ERROR;
				GCC_WARN_UNDECLARED_SELECTOR = YES;
				GCC_WARN_UNINITIALIZED_AUTOS = YES_AGGRESSIVE;
				GCC_WARN_UNUSED_FUNCTION = YES;
				GCC_WARN_UNUSED_VARIABLE = YES;
				IPHONEOS_DEPLOYMENT_TARGET = 18.5;
				LOCALIZATION_PREFERS_STRING_CATALOGS = YES;
				MTL_ENABLE_DEBUG_INFO = NO;
				MTL_FAST_MATH = YES;
				SDKROOT = iphoneos;
				SWIFT_COMPILATION_MODE = wholemodule;
				VALIDATE_PRODUCT = YES;
			};
			name = Release;
		};
		ED3F75F62E925E81005AE1FD /* Debug */ = {
			isa = XCBuildConfiguration;
			buildSettings = {
				ASSETCATALOG_COMPILER_APPICON_NAME = AppIcon;
				ASSETCATALOG_COMPILER_GLOBAL_ACCENT_COLOR_NAME = AccentColor;
				CODE_SIGN_STYLE = Automatic;
				CURRENT_PROJECT_VERSION = 1;
				ENABLE_PREVIEWS = YES;
				GENERATE_INFOPLIST_FILE = YES;
				INFOPLIST_KEY_UIApplicationSceneManifest_Generation = YES;
				INFOPLIST_KEY_UIApplicationSupportsIndirectInputEvents = YES;
				INFOPLIST_KEY_UILaunchScreen_Generation = YES;
				INFOPLIST_KEY_UISupportedInterfaceOrientations_iPad = "UIInterfaceOrientationPortrait UIInterfaceOrientationPortraitUpsideDown UIInterfaceOrientationLandscapeLeft UIInterfaceOrientationLandscapeRight";
				INFOPLIST_KEY_UISupportedInterfaceOrientations_iPhone = "UIInterfaceOrientationPortrait UIInterfaceOrientationLandscapeLeft UIInterfaceOrientationLandscapeRight";
				LD_RUNPATH_SEARCH_PATHS = (
					"$(inherited)",
					"@executable_path/Frameworks",
				);
				MARKETING_VERSION = 1.0;
				PRODUCT_BUNDLE_IDENTIFIER = "com.waseem.Tailor-App";
				PRODUCT_NAME = "$(TARGET_NAME)";
				SWIFT_EMIT_LOC_STRINGS = YES;
				SWIFT_VERSION = 5.0;
				TARGETED_DEVICE_FAMILY = "1,2";
			};
			name = Debug;
		};
		ED3F75F72E925E81005AE1FD /* Release */ = {
			isa = XCBuildConfiguration;
			buildSettings = {
				ASSETCATALOG_COMPILER_APPICON_NAME = AppIcon;
				ASSETCATALOG_COMPILER_GLOBAL_ACCENT_COLOR_NAME = AccentColor;
				CODE_SIGN_STYLE = Automatic;
				CURRENT_PROJECT_VERSION = 1;
				ENABLE_PREVIEWS = YES;
				GENERATE_INFOPLIST_FILE = YES;
				INFOPLIST_KEY_UIApplicationSceneManifest_Generation = YES;
				INFOPLIST_KEY_UIApplicationSupportsIndirectInputEvents = YES;
				INFOPLIST_KEY_UILaunchScreen_Generation = YES;
				INFOPLIST_KEY_UISupportedInterfaceOrientations_iPad = "UIInterfaceOrientationPortrait UIInterfaceOrientationPortraitUpsideDown UIInterfaceOrientationLandscapeLeft UIInterfaceOrientationLandscapeRight";
				INFOPLIST_KEY_UISupportedInterfaceOrientations_iPhone = "UIInterfaceOrientationPortrait UIInterfaceOrientationLandscapeLeft UIInterfaceOrientationLandscapeRight";
				LD_RUNPATH_SEARCH_PATHS = (
					"$(inherited)",
					"@executable_path/Frameworks",
				);
				MARKETING_VERSION = 1.0;
				PRODUCT_BUNDLE_IDENTIFIER = "com.waseem.Tailor-App";
				PRODUCT_NAME = "$(TARGET_NAME)";
				SWIFT_EMIT_LOC_STRINGS = YES;
				SWIFT_VERSION = 5.0;
				TARGETED_DEVICE_FAMILY = "1,2";
			};
			name = Release;
		};
		ED3F75F92E925E81005AE1FD /* Debug */ = {
			isa = XCBuildConfiguration;
			buildSettings = {
				BUNDLE_LOADER = "$(TEST_HOST)";
				CODE_SIGN_STYLE = Automatic;
				CURRENT_PROJECT_VERSION = 1;
				GENERATE_INFOPLIST_FILE = YES;
				IPHONEOS_DEPLOYMENT_TARGET = 18.5;
				MARKETING_VERSION = 1.0;
				PRODUCT_BUNDLE_IDENTIFIER = "com.waseem.Tailor-AppTests";
				PRODUCT_NAME = "$(TARGET_NAME)";
				SWIFT_EMIT_LOC_STRINGS = NO;
				SWIFT_VERSION = 5.0;
				TARGETED_DEVICE_FAMILY = "1,2";
				TEST_HOST = "$(BUILT_PRODUCTS_DIR)/Tailor_App.app/$(BUNDLE_EXECUTABLE_FOLDER_PATH)/Tailor_App";
			};
			name = Debug;
		};
		ED3F75FA2E925E81005AE1FD /* Release */ = {
			isa = XCBuildConfiguration;
			buildSettings = {
				BUNDLE_LOADER = "$(TEST_HOST)";
				CODE_SIGN_STYLE = Automatic;
				CURRENT_PROJECT_VERSION = 1;
				GENERATE_INFOPLIST_FILE = YES;
				IPHONEOS_DEPLOYMENT_TARGET = 18.5;
				MARKETING_VERSION = 1.0;
				PRODUCT_BUNDLE_IDENTIFIER = "com.waseem.Tailor-AppTests";
				PRODUCT_NAME = "$(TARGET_NAME)";
				SWIFT_EMIT_LOC_STRINGS = NO;
				SWIFT_VERSION = 5.0;
				TARGETED_DEVICE_FAMILY = "1,2";
				TEST_HOST = "$(BUILT_PRODUCTS_DIR)/Tailor_App.app/$(BUNDLE_EXECUTABLE_FOLDER_PATH)/Tailor_App";
			};
			name = Release;
		};
		ED3F75FC2E925E81005AE1FD /* Debug */ = {
			isa = XCBuildConfiguration;
			buildSettings = {
				CODE_SIGN_STYLE = Automatic;
				CURRENT_PROJECT_VERSION = 1;
				GENERATE_INFOPLIST_FILE = YES;
				MARKETING_VERSION = 1.0;
				PRODUCT_BUNDLE_IDENTIFIER = "com.waseem.Tailor-AppUITests";
				PRODUCT_NAME = "$(TARGET_NAME)";
				SWIFT_EMIT_LOC_STRINGS = NO;
				SWIFT_VERSION = 5.0;
				TARGETED_DEVICE_FAMILY = "1,2";
				TEST_TARGET_NAME = Tailor_App;
			};
			name = Debug;
		};
		ED3F75FD2E925E81005AE1FD /* Release */ = {
			isa = XCBuildConfiguration;
			buildSettings = {
				CODE_SIGN_STYLE = Automatic;
				CURRENT_PROJECT_VERSION = 1;
				GENERATE_INFOPLIST_FILE = YES;
				MARKETING_VERSION = 1.0;
				PRODUCT_BUNDLE_IDENTIFIER = "com.waseem.Tailor-AppUITests";
				PRODUCT_NAME = "$(TARGET_NAME)";
				SWIFT_EMIT_LOC_STRINGS = NO;
				SWIFT_VERSION = 5.0;
				TARGETED_DEVICE_FAMILY = "1,2";
				TEST_TARGET_NAME = Tailor_App;
			};
			name = Release;
		};
/* End XCBuildConfiguration section */

/* Begin XCConfigurationList section */
		ED3F75CA2E925E7F005AE1FD /* Build configuration list for PBXProject "Tailor_App" */ = {
			isa = XCConfigurationList;
			buildConfigurations = (
				ED3F75F32E925E81005AE1FD /* Debug */,
				ED3F75F42E925E81005AE1FD /* Release */,
			);
			defaultConfigurationIsVisible = 0;
			defaultConfigurationName = Release;
		};
		ED3F75F52E925E81005AE1FD /* Build configuration list for PBXNativeTarget "Tailor_App" */ = {
			isa = XCConfigurationList;
			buildConfigurations = (
				ED3F75F62E925E81005AE1FD /* Debug */,
				ED3F75F72E925E81005AE1FD /* Release */,
			);
			defaultConfigurationIsVisible = 0;
			defaultConfigurationName = Release;
		};
		ED3F75F82E925E81005AE1FD /* Build configuration list for PBXNativeTarget "Tailor_AppTests" */ = {
			isa = XCConfigurationList;
			buildConfigurations = (
				ED3F75F92E925E81005AE1FD /* Debug */,
				ED3F75FA2E925E81005AE1FD /* Release */,
			);
			defaultConfigurationIsVisible = 0;
			defaultConfigurationName = Release;
		};
		ED3F75FB2E925E81005AE1FD /* Build configuration list for PBXNativeTarget "Tailor_AppUITests" */ = {
			isa = XCConfigurationList;
			buildConfigurations = (
				ED3F75FC2E925E81005AE1FD /* Debug */,
				ED3F75FD2E925E81005AE1FD /* Release */,
			);
			defaultConfigurationIsVisible = 0;
			defaultConfigurationName = Release;
		};
/* End XCConfigurationList section */
	};
	rootObject = ED3F75C72E925E7F005AE1FD /* Project object */;
}
